
Microsoft Visual Studio Solution File, Format Version 12.00
# Visual Studio Version 17
VisualStudioVersion = 17.0.31903.59
MinimumVisualStudioVersion = 10.0.40219.1
Project("{FAE04EC0-301F-11D3-BF4B-00C04F79EFBC}") = "DevQuestions.Domain", "DevQuestions.Domain\DevQuestions.Domain.csproj", "{A18D92EF-3D9F-4E18-A521-82C64FBA0763}"
EndProject
Global
	GlobalSection(SolutionConfigurationPlatforms) = preSolution
		Debug|Any CPU = Debug|Any CPU
		Release|Any CPU = Release|Any CPU
	EndGlobalSection
	GlobalSection(ProjectConfigurationPlatforms) = postSolution
		{A18D92EF-3D9F-4E18-A521-82C64FBA0763}.Debug|Any CPU.ActiveCfg = Debug|Any CPU
		{A18D92EF-3D9F-4E18-A521-82C64FBA0763}.Debug|Any CPU.Build.0 = Debug|Any CPU
		{A18D92EF-3D9F-4E18-A521-82C64FBA0763}.Release|Any CPU.ActiveCfg = Release|Any CPU
		{A18D92EF-3D9F-4E18-A521-82C64FBA0763}.Release|Any CPU.Build.0 = Release|Any CPU
	EndGlobalSection
	GlobalSection(SolutionProperties) = preSolution
		HideSolutionNode = FALSE
	EndGlobalSection
	GlobalSection(ExtensibilityGlobals) = postSolution
		SolutionGuid = {C21D337E-C6AF-417A-A57D-8CB0170B9913}
	EndGlobalSection
EndGlobal
